
Microsoft Visual Studio Solution File, Format Version 12.00
# Visual Studio Version 16
VisualStudioVersion = 16.0.31129.286
MinimumVisualStudioVersion = 10.0.40219.1
Project("{9A19103F-16F7-4668-BE54-9A1E7A4F7556}") = "Algorithm1", "Algorithm1.csproj", "{F4123052-F1AD-4510-A856-2737762E2731}"
	ProjectSection(ProjectDependencies) = postProject
		{40C18004-E8F5-4122-979A-30585EE39DD1} = {40C18004-E8F5-4122-979A-30585EE39DD1}
	EndProjectSection
EndProject
Project("{FAE04EC0-301F-11D3-BF4B-00C04F79EFBC}") = "SortLibrary", "..\SortLibrary\SortLibrary.csproj", "{40C18004-E8F5-4122-979A-30585EE39DD1}"
EndProject
Project("{FAE04EC0-301F-11D3-BF4B-00C04F79EFBC}") = "MathLibrary", "..\MathLibrary\MathLibrary.csproj", "{189BC4E4-C274-41D6-951A-028C394F25B1}"
EndProject
Global
	GlobalSection(SolutionConfigurationPlatforms) = preSolution
		Debug|Any CPU = Debug|Any CPU
		Release|Any CPU = Release|Any CPU
	EndGlobalSection
	GlobalSection(ProjectConfigurationPlatforms) = postSolution
		{F4123052-F1AD-4510-A856-2737762E2731}.Debug|Any CPU.ActiveCfg = Debug|Any CPU
		{F4123052-F1AD-4510-A856-2737762E2731}.Debug|Any CPU.Build.0 = Debug|Any CPU
		{F4123052-F1AD-4510-A856-2737762E2731}.Release|Any CPU.ActiveCfg = Release|Any CPU
		{F4123052-F1AD-4510-A856-2737762E2731}.Release|Any CPU.Build.0 = Release|Any CPU
		{40C18004-E8F5-4122-979A-30585EE39DD1}.Debug|Any CPU.ActiveCfg = Debug|Any CPU
		{40C18004-E8F5-4122-979A-30585EE39DD1}.Debug|Any CPU.Build.0 = Debug|Any CPU
		{40C18004-E8F5-4122-979A-30585EE39DD1}.Release|Any CPU.ActiveCfg = Release|Any CPU
		{40C18004-E8F5-4122-979A-30585EE39DD1}.Release|Any CPU.Build.0 = Release|Any CPU
		{189BC4E4-C274-41D6-951A-028C394F25B1}.Debug|Any CPU.ActiveCfg = Debug|Any CPU
		{189BC4E4-C274-41D6-951A-028C394F25B1}.Debug|Any CPU.Build.0 = Debug|Any CPU
		{189BC4E4-C274-41D6-951A-028C394F25B1}.Release|Any CPU.ActiveCfg = Release|Any CPU
		{189BC4E4-C274-41D6-951A-028C394F25B1}.Release|Any CPU.Build.0 = Release|Any CPU
	EndGlobalSection
	GlobalSection(SolutionProperties) = preSolution
		HideSolutionNode = FALSE
	EndGlobalSection
	GlobalSection(ExtensibilityGlobals) = postSolution
		SolutionGuid = {A5A495B0-FBFB-4BB7-971E-DE9E17C6F3E6}
	EndGlobalSection
EndGlobal
